{
  "name": "basics-language-server",
  "version": "0.2.0",
  "lockfileVersion": 3,
  "requires": true,
  "packages": {
    "": {
      "name": "basics-language-server",
      "version": "0.2.0",
      "dependencies": {
        "vscode-languageserver": "^9.0.1",
        "vscode-languageserver-protocol": "^3.17.5",
        "vscode-languageserver-textdocument": "^1.0.12",
        "vscode-uri": "^3.0.8"
      },
      "bin": {
        "basics-language-server": "dist/cli.js"
      },
      "devDependencies": {
        "@types/node": "^22.7.4",
        "typescript": "^5.0.0"
      }
    },
    "node_modules/@types/node": {
      "version": "22.7.4",
      "dev": true,
      "license": "MIT",
      "dependencies": {
        "undici-types": "~6.19.2"
      }
    },
    "node_modules/typescript": {
      "version": "5.6.2",
      "dev": true,
      "license": "Apache-2.0",
      "bin": {
        "tsc": "bin/tsc",
        "tsserver": "bin/tsserver"
      },
      "engines": {
        "node": ">=14.17"
      }
    },
    "node_modules/undici-types": {
      "version": "6.19.8",
      "dev": true,
      "license": "MIT"
    },
    "node_modules/vscode-jsonrpc": {
      "version": "8.2.0",
      "license": "MIT",
      "engines": {
        "node": ">=14.0.0"
      }
    },
    "node_modules/vscode-languageserver": {
      "version": "9.0.1",
      "license": "MIT",
      "dependencies": {
        "vscode-languageserver-protocol": "3.17.5"
      },
      "bin": {
        "installServerIntoExtension": "bin/installServerIntoExtension"
      }
    },
    "node_modules/vscode-languageserver-protocol": {
      "version": "3.17.5",
      "license": "MIT",
      "dependencies": {
        "vscode-jsonrpc": "8.2.0",
        "vscode-languageserver-types": "3.17.5"
      }
    },
    "node_modules/vscode-languageserver-textdocument": {
      "version": "1.0.12",
      "license": "MIT"
    },
    "node_modules/vscode-languageserver-types": {
      "version": "3.17.5",
      "license": "MIT"
    },
    "node_modules/vscode-uri": {
      "version": "3.0.8",
      "license": "MIT"
    }
  }
}
